{
  "name": "kleisli-requestors",
  "version": "1.0.0",
  "lockfileVersion": 2,
  "requires": true,
  "packages": {
    "": {
      "name": "kleisli-requestors",
      "version": "1.0.0",
      "license": "ISC",
      "dependencies": {
        "@jlrwi/combinators": "github:jlrwi/combinators",
        "@jlrwi/curried-parseq": "github:jlrwi/curried-parseq",
        "@jlrwi/esfunctions": "github:jlrwi/esfunctions",
        "@jlrwi/requestor-type": "github:jlrwi/requestor-type",
        "@jlrwi/requestors": "github:jlrwi/requestors"
      },
      "devDependencies": {
        "@jlrwi/es-static-types": "github:jlrwi/es-static-types"
      }
    },
    "node_modules/@jlrwi/combinators": {
      "version": "1.2.0",
      "resolved": "git+ssh://git@github.com/jlrwi/combinators.git#0d883dd0de85acc1c93a058308d21b1df2a4e7f7",
      "license": "ISC"
    },
    "node_modules/@jlrwi/curried-parseq": {
      "version": "1.0.0",
      "resolved": "git+ssh://git@github.com/jlrwi/curried-parseq.git#4cc8c056e91a82e2b54a1eeb4f43b048ec204253",
      "license": "ISC"
    },
    "node_modules/@jlrwi/es-static-types": {
      "version": "1.3.1",
      "resolved": "git+ssh://git@github.com/jlrwi/es-static-types.git#5b7ee0b2c026263c65333179eee8146a15266256",
      "dev": true,
      "license": "ISC",
      "dependencies": {
        "@jlrwi/combinators": "github:jlrwi/combinators",
        "@jlrwi/esfunctions": "github:jlrwi/esfunctions"
      }
    },
    "node_modules/@jlrwi/esfunctions": {
      "version": "4.2.0",
      "resolved": "git+ssh://git@github.com/jlrwi/esfunctions.git#34c87ab3b0ab91490f00c3e74f7cefb485100a39",
      "license": "ISC"
    },
    "node_modules/@jlrwi/functional-timers": {
      "version": "1.0.0",
      "resolved": "git+ssh://git@github.com/jlrwi/functional-timers.git#fac5d9fafdb7fa623f81b6f3a864115c995cf5dd",
      "license": "ISC"
    },
    "node_modules/@jlrwi/requestor-type": {
      "version": "1.2.1",
      "resolved": "git+ssh://git@github.com/jlrwi/requestor-type.git#af82a7f3584d7778814029c6460fdfbf821a9907",
      "license": "ISC",
      "dependencies": {
        "@jlrwi/combinators": "file:..\\combinators",
        "@jlrwi/curried-parseq": "github:jlrwi/curried-parseq",
        "@jlrwi/esfunctions": "file:..\\esfunctions"
      }
    },
    "node_modules/@jlrwi/requestor-type/node_modules/@jlrwi/combinators": {
      "resolved": "node_modules/@jlrwi/combinators",
      "link": true
    },
    "node_modules/@jlrwi/requestor-type/node_modules/@jlrwi/esfunctions": {
      "resolved": "node_modules/@jlrwi/esfunctions",
      "link": true
    },
    "node_modules/@jlrwi/requestors": {
      "version": "3.0.0",
      "resolved": "git+ssh://git@github.com/jlrwi/requestors.git#ee8b97909c0ab7b348638f932741d586cb78050c",
      "license": "ISC",
      "dependencies": {
        "@jlrwi/combinators": "github:jlrwi/combinators",
        "@jlrwi/curried-parseq": "github:jlrwi/curried-parseq",
        "@jlrwi/esfunctions": "github:jlrwi/esfunctions",
        "@jlrwi/functional-timers": "github:jlrwi/functional-timers"
      }
    }
  },
  "dependencies": {
    "@jlrwi/combinators": {
      "version": "git+ssh://git@github.com/jlrwi/combinators.git#0d883dd0de85acc1c93a058308d21b1df2a4e7f7",
      "from": "@jlrwi/combinators@github:jlrwi/combinators"
    },
    "@jlrwi/curried-parseq": {
      "version": "git+ssh://git@github.com/jlrwi/curried-parseq.git#4cc8c056e91a82e2b54a1eeb4f43b048ec204253",
      "from": "@jlrwi/curried-parseq@github:jlrwi/curried-parseq"
    },
    "@jlrwi/es-static-types": {
      "version": "git+ssh://git@github.com/jlrwi/es-static-types.git#5b7ee0b2c026263c65333179eee8146a15266256",
      "dev": true,
      "from": "@jlrwi/es-static-types@github:jlrwi/es-static-types",
      "requires": {
        "@jlrwi/combinators": "github:jlrwi/combinators",
        "@jlrwi/esfunctions": "github:jlrwi/esfunctions"
      }
    },
    "@jlrwi/esfunctions": {
      "version": "git+ssh://git@github.com/jlrwi/esfunctions.git#34c87ab3b0ab91490f00c3e74f7cefb485100a39",
      "from": "@jlrwi/esfunctions@github:jlrwi/esfunctions"
    },
    "@jlrwi/functional-timers": {
      "version": "git+ssh://git@github.com/jlrwi/functional-timers.git#fac5d9fafdb7fa623f81b6f3a864115c995cf5dd",
      "from": "@jlrwi/functional-timers@github:jlrwi/functional-timers"
    },
    "@jlrwi/requestor-type": {
      "version": "git+ssh://git@github.com/jlrwi/requestor-type.git#af82a7f3584d7778814029c6460fdfbf821a9907",
      "from": "@jlrwi/requestor-type@github:jlrwi/requestor-type",
      "requires": {
        "@jlrwi/combinators": "file:../combinators",
        "@jlrwi/curried-parseq": "github:jlrwi/curried-parseq",
        "@jlrwi/esfunctions": "file:../esfunctions"
      },
      "dependencies": {
        "@jlrwi/combinators": {
          "version": "file:node_modules/@jlrwi/combinators"
        },
        "@jlrwi/esfunctions": {
          "version": "file:node_modules/@jlrwi/esfunctions"
        }
      }
    },
    "@jlrwi/requestors": {
      "version": "git+ssh://git@github.com/jlrwi/requestors.git#ee8b97909c0ab7b348638f932741d586cb78050c",
      "from": "@jlrwi/requestors@github:jlrwi/requestors",
      "requires": {
        "@jlrwi/combinators": "github:jlrwi/combinators",
        "@jlrwi/curried-parseq": "github:jlrwi/curried-parseq",
        "@jlrwi/esfunctions": "github:jlrwi/esfunctions",
        "@jlrwi/functional-timers": "github:jlrwi/functional-timers"
      }
    }
  }
}
